{
  "lockfileVersion": 1,
  "sources": {
    "sugurutakahashi-1234/ai-rules": {
      "requestedRef": "main",
      "resolvedRef": "fc6cc34b7a5783f82bed8bfc45f822064532ed97",
      "resolvedAt": "2026-10-02T17:49:40.170Z",
      "skills": {
        "design-compare": {
          "integrity": "sha256-b8c764ed0533fffe2fc936f84a0d1eee2c978eb65482f7b11dd6a0ba170232a0"
        }
      },
      "skillSelection": [
        "design-compare"
      ],
      "rules": {
        "git-safety": {
          "integrity": "sha256-4d8944e61681a7a3ae8e2bf0a51d2123a44f57b55d45173f87b615b4c9d4c7b6"
        },
        "japanese-writing": {
          "integrity": "sha256-8a10950e3aeb7de7801eb819cbab3ff8d156f82638a8412c7bf6bfa038eeb8d5"
        },
        "language-and-commits": {
          "integrity": "sha256-8e91ea8cb9fdc4e11ccad22e58a871aecefef5709b597984c2a02578a216ac33"
        }
      },
      "ruleSelection": [
        "git-safety",
        "japanese-writing",
        "language-and-commits"
      ],
      "rulesPath": "rules",
      "resolvedRuleNames": [
        "git-safety",
        "japanese-writing",
        "language-and-commits"
      ]
    },
    "coji/natural-japanese": {
      "requestedRef": "main",
      "resolvedRef": "9a78a42964096da509b8f3e011f0085a5f080151",
      "resolvedAt": "2026-10-02T17:49:49.083Z",
      "skills": {
        "natural-japanese": {
          "integrity": "sha256-dde348f62ccdd0f932b7e22478d3e66360d0fb23962e383e18a45239fc39178b"
        }
      },
      "skillSelection": [
        "natural-japanese"
      ]
    }
  }
}
