version = 1
revision = 3
requires-python = ">=3.11"

[[package]]
name = "pypdf"
version = "6.16.2"
source = { registry = "https://pypi.org/simple" }
sdist = { url = "https://files.pythonhosted.org/packages/44/66/54212e75406afd9f3e933d0dda23072f6aecc55c5a273077dc2e0b028b23/pypdf-6.16.2.tar.gz", hash = "sha256:595647f6191de6f402cfde1d0c455d6cbccbd509aac32b34783009c032de5d6e", size = 7008996, upload-time = "2026-08-23T13:50:07.135Z" }
wheels = [
    { url = "https://files.pythonhosted.org/packages/13/f1/a2da3b55acd4ab737bf728c97edaaed5ec1d3c1236acb639dcdfa97e42c7/pypdf-6.16.2-py3-none-any.whl", hash = "sha256:c8b09a59399062fb45a1b8156c18a787a10a3dae03ac9674397a226712c94604", size = 385060, upload-time = "2026-08-23T13:50:05.349Z" },
]

[[package]]
name = "skills-sheet"
version = "0.0.0"
source = { virtual = "." }
dependencies = [
    { name = "pypdf" },
]

[package.metadata]
requires-dist = [{ name = "pypdf" }]
